
Microsoft Visual Studio Solution File, Format Version 12.00
# Visual Studio 14
VisualStudioVersion = 14.0.25123.0
MinimumVisualStudioVersion = 10.0.40219.1
Project("{D59A2920-DB5E-413D-ABD6-8116AF0C6BAE}") = "Sitecore.Support.130651.165803", "Sitecore.Support.130651.165803\Sitecore.Support.130651.165803.csproj", "{778CD8D4-F039-40A5-9D68-A5F678F80379}"
EndProject
Global
	GlobalSection(SolutionConfigurationPlatforms) = preSolution
		Debug|Any CPU = Debug|Any CPU
		Release|Any CPU = Release|Any CPU
	EndGlobalSection
	GlobalSection(ProjectConfigurationPlatforms) = postSolution
		{778CD8D4-F039-40A5-9D68-A5F678F80379}.Debug|Any CPU.ActiveCfg = Debug|Any CPU
		{778CD8D4-F039-40A5-9D68-A5F678F80379}.Debug|Any CPU.Build.0 = Debug|Any CPU
		{778CD8D4-F039-40A5-9D68-A5F678F80379}.Release|Any CPU.ActiveCfg = Release|Any CPU
		{778CD8D4-F039-40A5-9D68-A5F678F80379}.Release|Any CPU.Build.0 = Release|Any CPU
	EndGlobalSection
	GlobalSection(SolutionProperties) = preSolution
		HideSolutionNode = FALSE
	EndGlobalSection
EndGlobal
